
Microsoft Visual Studio Solution File, Format Version 12.00
Project("{FAE04EC0-301F-11D3-BF4B-00C04F79EFBC}") = "WebApi", "WebApi\WebApi.csproj", "{8DC0B2C8-F5DB-4222-8255-505D9B5DB098}"
EndProject
Project("{FAE04EC0-301F-11D3-BF4B-00C04F79EFBC}") = "ConfigurationPlayground", "ConfigurationPlayground\ConfigurationPlayground.csproj", "{8D7170DB-AA66-4617-A603-7FCD86C12581}"
EndProject
Global
	GlobalSection(SolutionConfigurationPlatforms) = preSolution
		Debug|Any CPU = Debug|Any CPU
		Release|Any CPU = Release|Any CPU
	EndGlobalSection
	GlobalSection(ProjectConfigurationPlatforms) = postSolution
		{8DC0B2C8-F5DB-4222-8255-505D9B5DB098}.Debug|Any CPU.ActiveCfg = Debug|Any CPU
		{8DC0B2C8-F5DB-4222-8255-505D9B5DB098}.Debug|Any CPU.Build.0 = Debug|Any CPU
		{8DC0B2C8-F5DB-4222-8255-505D9B5DB098}.Release|Any CPU.ActiveCfg = Release|Any CPU
		{8DC0B2C8-F5DB-4222-8255-505D9B5DB098}.Release|Any CPU.Build.0 = Release|Any CPU
		{8D7170DB-AA66-4617-A603-7FCD86C12581}.Debug|Any CPU.ActiveCfg = Debug|Any CPU
		{8D7170DB-AA66-4617-A603-7FCD86C12581}.Debug|Any CPU.Build.0 = Debug|Any CPU
		{8D7170DB-AA66-4617-A603-7FCD86C12581}.Release|Any CPU.ActiveCfg = Release|Any CPU
		{8D7170DB-AA66-4617-A603-7FCD86C12581}.Release|Any CPU.Build.0 = Release|Any CPU
	EndGlobalSection
EndGlobal
